{
  "name": "pptcreate",
  "version": "1.0.0",
  "lockfileVersion": 3,
  "requires": true,
  "packages": {
    "": {
      "name": "pptcreate",
      "version": "1.0.0",
      "license": "ISC",
      "dependencies": {
        "cheerio": "^1.1.2",
        "html2pptx": "^0.0.5",
        "pptxgenjs": "^4.0.1"
      }
    },
    "node_modules/@types/node": {
      "version": "22.19.6",
      "resolved": "https://registry.npmjs.org/@types/node/-/node-22.19.6.tgz",
      "integrity": "sha512-qm+G8HuG6hOHQigsi7VGuLjUVu6TtBo/F05zvX04Mw2uCg9Dv0Qxy3Qw7j41SidlTcl5D/5yg0SEZqOB+EqZnQ==",
      "license": "MIT",
      "dependencies": {
        "undici-types": "~6.21.0"
      }
    },
    "node_modules/atob": {
      "version": "2.1.2",
      "resolved": "https://registry.npmjs.org/atob/-/atob-2.1.2.tgz",
      "integrity": "sha512-Wm6ukoaOGJi/73p/cl2GvLjTI5JM1k/O14isD73YML8StrH/7/lRFgmg8nICZgD3bZZvjwCGxtMOD3wWNAu8cg==",
      "license": "(MIT OR Apache-2.0)",
      "bin": {
        "atob": "bin/atob.js"
      },
      "engines": {
        "node": ">= 4.5.0"
      }
    },
    "node_modules/boolbase": {
      "version": "1.0.0",
      "resolved": "https://registry.npmjs.org/boolbase/-/boolbase-1.0.0.tgz",
      "integrity": "sha512-JZOSA7Mo9sNGB8+UjSgzdLtokWAky1zbztM3WRLCbZ70/3cTANmQmOdR7y2g+J0e2WXywy1yS468tY+IruqEww==",
      "license": "ISC"
    },
    "node_modules/cheerio": {
      "version": "1.1.2",
      "resolved": "https://registry.npmjs.org/cheerio/-/cheerio-1.1.2.tgz",
      "integrity": "sha512-IkxPpb5rS/d1IiLbHMgfPuS0FgiWTtFIm/Nj+2woXDLTZ7fOT2eqzgYbdMlLweqlHbsZjxEChoVK+7iph7jyQg==",
      "license": "MIT",
      "dependencies": {
        "cheerio-select": "^2.1.0",
        "dom-serializer": "^2.0.0",
        "domhandler": "^5.0.3",
        "domutils": "^3.2.2",
        "encoding-sniffer": "^0.2.1",
        "htmlparser2": "^10.0.0",
        "parse5": "^7.3.0",
        "parse5-htmlparser2-tree-adapter": "^7.1.0",
        "parse5-parser-stream": "^7.1.2",
        "undici": "^7.12.0",
        "whatwg-mimetype": "^4.0.0"
      },
      "engines": {
        "node": ">=20.18.1"
      },
      "funding": {
        "url": "https://github.com/cheeriojs/cheerio?sponsor=1"
      }
    },
    "node_modules/cheerio-select": {
      "version": "2.1.0",
      "resolved": "https://registry.npmjs.org/cheerio-select/-/cheerio-select-2.1.0.tgz",
      "integrity": "sha512-9v9kG0LvzrlcungtnJtpGNxY+fzECQKhK4EGJX2vByejiMX84MFNQw4UxPJl3bFbTMw+Dfs37XaIkCwTZfLh4g==",
      "license": "BSD-2-Clause",
      "dependencies": {
        "boolbase": "^1.0.0",
        "css-select": "^5.1.0",
        "css-what": "^6.1.0",
        "domelementtype": "^2.3.0",
        "domhandler": "^5.0.3",
        "domutils": "^3.0.1"
      },
      "funding": {
        "url": "https://github.com/sponsors/fb55"
      }
    },
    "node_modules/cheerio-select/node_modules/dom-serializer": {
      "version": "2.0.0",
      "resolved": "https://registry.npmjs.org/dom-serializer/-/dom-serializer-2.0.0.tgz",
      "integrity": "sha512-wIkAryiqt/nV5EQKqQpo3SToSOV9J0DnbJqwK7Wv/Trc92zIAYZ4FlMu+JPFW1DfGFt81ZTCGgDEabffXeLyJg==",
      "license": "MIT",
      "dependencies": {
        "domelementtype": "^2.3.0",
        "domhandler": "^5.0.2",
        "entities": "^4.2.0"
      },
      "funding": {
        "url": "https://github.com/cheeriojs/dom-serializer?sponsor=1"
      }
    },
    "node_modules/cheerio-select/node_modules/domhandler": {
      "version": "5.0.3",
      "resolved": "https://registry.npmjs.org/domhandler/-/domhandler-5.0.3.tgz",
      "integrity": "sha512-cgwlv/1iFQiFnU96XXgROh8xTeetsnJiDsTc7TYCLFd9+/WNkIqPTxiM/8pSd8VIrhXGTf1Ny1q1hquVqDJB5w==",
      "license": "BSD-2-Clause",
      "dependencies": {
        "domelementtype": "^2.3.0"
      },
      "engines": {
        "node": ">= 4"
      },
      "funding": {
        "url": "https://github.com/fb55/domhandler?sponsor=1"
      }
    },
    "node_modules/cheerio-select/node_modules/domutils": {
      "version": "3.2.2",
      "resolved": "https://registry.npmjs.org/domutils/-/domutils-3.2.2.tgz",
      "integrity": "sha512-6kZKyUajlDuqlHKVX1w7gyslj9MPIXzIFiz/rGu35uC1wMi+kMhQwGhl4lt9unC9Vb9INnY9Z3/ZA3+FhASLaw==",
      "license": "BSD-2-Clause",
      "dependencies": {
        "dom-serializer": "^2.0.0",
        "domelementtype": "^2.3.0",
        "domhandler": "^5.0.3"
      },
      "funding": {
        "url": "https://github.com/fb55/domutils?sponsor=1"
      }
    },
    "node_modules/cheerio-select/node_modules/entities": {
      "version": "4.5.0",
      "resolved": "https://registry.npmjs.org/entities/-/entities-4.5.0.tgz",
      "integrity": "sha512-V0hjH4dGPh9Ao5p0MoRY6BVqtwCjhz6vI5LT8AJ55H+4g9/4vbHx1I54fS0XuclLhDHArPQCiMjDxjaL8fPxhw==",
      "license": "BSD-2-Clause",
      "engines": {
        "node": ">=0.12"
      },
      "funding": {
        "url": "https://github.com/fb55/entities?sponsor=1"
      }
    },
    "node_modules/cheerio/node_modules/dom-serializer": {
      "version": "2.0.0",
      "resolved": "https://registry.npmjs.org/dom-serializer/-/dom-serializer-2.0.0.tgz",
      "integrity": "sha512-wIkAryiqt/nV5EQKqQpo3SToSOV9J0DnbJqwK7Wv/Trc92zIAYZ4FlMu+JPFW1DfGFt81ZTCGgDEabffXeLyJg==",
      "license": "MIT",
      "dependencies": {
        "domelementtype": "^2.3.0",
        "domhandler": "^5.0.2",
        "entities": "^4.2.0"
      },
      "funding": {
        "url": "https://github.com/cheeriojs/dom-serializer?sponsor=1"
      }
    },
    "node_modules/cheerio/node_modules/domhandler": {
      "version": "5.0.3",
      "resolved": "https://registry.npmjs.org/domhandler/-/domhandler-5.0.3.tgz",
      "integrity": "sha512-cgwlv/1iFQiFnU96XXgROh8xTeetsnJiDsTc7TYCLFd9+/WNkIqPTxiM/8pSd8VIrhXGTf1Ny1q1hquVqDJB5w==",
      "license": "BSD-2-Clause",
      "dependencies": {
        "domelementtype": "^2.3.0"
      },
      "engines": {
        "node": ">= 4"
      },
      "funding": {
        "url": "https://github.com/fb55/domhandler?sponsor=1"
      }
    },
    "node_modules/cheerio/node_modules/domutils": {
      "version": "3.2.2",
      "resolved": "https://registry.npmjs.org/domutils/-/domutils-3.2.2.tgz",
      "integrity": "sha512-6kZKyUajlDuqlHKVX1w7gyslj9MPIXzIFiz/rGu35uC1wMi+kMhQwGhl4lt9unC9Vb9INnY9Z3/ZA3+FhASLaw==",
      "license": "BSD-2-Clause",
      "dependencies": {
        "dom-serializer": "^2.0.0",
        "domelementtype": "^2.3.0",
        "domhandler": "^5.0.3"
      },
      "funding": {
        "url": "https://github.com/fb55/domutils?sponsor=1"
      }
    },
    "node_modules/cheerio/node_modules/entities": {
      "version": "4.5.0",
      "resolved": "https://registry.npmjs.org/entities/-/entities-4.5.0.tgz",
      "integrity": "sha512-V0hjH4dGPh9Ao5p0MoRY6BVqtwCjhz6vI5LT8AJ55H+4g9/4vbHx1I54fS0XuclLhDHArPQCiMjDxjaL8fPxhw==",
      "license": "BSD-2-Clause",
      "engines": {
        "node": ">=0.12"
      },
      "funding": {
        "url": "https://github.com/fb55/entities?sponsor=1"
      }
    },
    "node_modules/cheerio/node_modules/htmlparser2": {
      "version": "10.0.0",
      "resolved": "https://registry.npmjs.org/htmlparser2/-/htmlparser2-10.0.0.tgz",
      "integrity": "sha512-TwAZM+zE5Tq3lrEHvOlvwgj1XLWQCtaaibSN11Q+gGBAS7Y1uZSWwXXRe4iF6OXnaq1riyQAPFOBtYc77Mxq0g==",
      "funding": [
        "https://github.com/fb55/htmlparser2?sponsor=1",
        {
          "type": "github",
          "url": "https://github.com/sponsors/fb55"
        }
      ],
      "license": "MIT",
      "dependencies": {
        "domelementtype": "^2.3.0",
        "domhandler": "^5.0.3",
        "domutils": "^3.2.1",
        "entities": "^6.0.0"
      }
    },
    "node_modules/cheerio/node_modules/htmlparser2/node_modules/entities": {
      "version": "6.0.1",
      "resolved": "https://registry.npmjs.org/entities/-/entities-6.0.1.tgz",
      "integrity": "sha512-aN97NXWF6AWBTahfVOIrB/NShkzi5H7F9r1s9mD3cDj4Ko5f2qhhVoYMibXF7GlLveb/D2ioWay8lxI97Ven3g==",
      "license": "BSD-2-Clause",
      "engines": {
        "node": ">=0.12"
      },
      "funding": {
        "url": "https://github.com/fb55/entities?sponsor=1"
      }
    },
    "node_modules/color-convert": {
      "version": "0.5.3",
      "resolved": "https://registry.npmjs.org/color-convert/-/color-convert-0.5.3.tgz",
      "integrity": "sha512-RwBeO/B/vZR3dfKL1ye/vx8MHZ40ugzpyfeVG5GsiuGnrlMWe2o8wxBbLCpw9CsxV+wHuzYlCiWnybrIA0ling=="
    },
    "node_modules/core-util-is": {
      "version": "1.0.3",
      "resolved": "https://registry.npmjs.org/core-util-is/-/core-util-is-1.0.3.tgz",
      "integrity": "sha512-ZQBvi1DcpJ4GDqanjucZ2Hj3wEO5pZDS89BWbkcrvdxksJorwUDDZamX9ldFkp9aw2lmBDLgkObEA4DWNJ9FYQ==",
      "license": "MIT"
    },
    "node_modules/css": {
      "version": "2.2.4",
      "resolved": "https://registry.npmjs.org/css/-/css-2.2.4.tgz",
      "integrity": "sha512-oUnjmWpy0niI3x/mPL8dVEI1l7MnG3+HHyRPHf+YFSbK+svOhXpmSOcDURUh2aOCgl2grzrOPt1nHLuCVFULLw==",
      "license": "MIT",
      "dependencies": {
        "inherits": "^2.0.3",
        "source-map": "^0.6.1",
        "source-map-resolve": "^0.5.2",
        "urix": "^0.1.0"
      }
    },
    "node_modules/css-select": {
      "version": "5.2.2",
      "resolved": "https://registry.npmjs.org/css-select/-/css-select-5.2.2.tgz",
      "integrity": "sha512-TizTzUddG/xYLA3NXodFM0fSbNizXjOKhqiQQwvhlspadZokn1KDy0NZFS0wuEubIYAV5/c1/lAr0TaaFXEXzw==",
      "license": "BSD-2-Clause",
      "dependencies": {
        "boolbase": "^1.0.0",
        "css-what": "^6.1.0",
        "domhandler": "^5.0.2",
        "domutils": "^3.0.1",
        "nth-check": "^2.0.1"
      },
      "funding": {
        "url": "https://github.com/sponsors/fb55"
      }
    },
    "node_modules/css-select/node_modules/dom-serializer": {
      "version": "2.0.0",
      "resolved": "https://registry.npmjs.org/dom-serializer/-/dom-serializer-2.0.0.tgz",
      "integrity": "sha512-wIkAryiqt/nV5EQKqQpo3SToSOV9J0DnbJqwK7Wv/Trc92zIAYZ4FlMu+JPFW1DfGFt81ZTCGgDEabffXeLyJg==",
      "license": "MIT",
      "dependencies": {
        "domelementtype": "^2.3.0",
        "domhandler": "^5.0.2",
        "entities": "^4.2.0"
      },
      "funding": {
        "url": "https://github.com/cheeriojs/dom-serializer?sponsor=1"
      }
    },
    "node_modules/css-select/node_modules/domhandler": {
      "version": "5.0.3",
      "resolved": "https://registry.npmjs.org/domhandler/-/domhandler-5.0.3.tgz",
      "integrity": "sha512-cgwlv/1iFQiFnU96XXgROh8xTeetsnJiDsTc7TYCLFd9+/WNkIqPTxiM/8pSd8VIrhXGTf1Ny1q1hquVqDJB5w==",
      "license": "BSD-2-Clause",
      "dependencies": {
        "domelementtype": "^2.3.0"
      },
      "engines": {
        "node": ">= 4"
      },
      "funding": {
        "url": "https://github.com/fb55/domhandler?sponsor=1"
      }
    },
    "node_modules/css-select/node_modules/domutils": {
      "version": "3.2.2",
      "resolved": "https://registry.npmjs.org/domutils/-/domutils-3.2.2.tgz",
      "integrity": "sha512-6kZKyUajlDuqlHKVX1w7gyslj9MPIXzIFiz/rGu35uC1wMi+kMhQwGhl4lt9unC9Vb9INnY9Z3/ZA3+FhASLaw==",
      "license": "BSD-2-Clause",
      "dependencies": {
        "dom-serializer": "^2.0.0",
        "domelementtype": "^2.3.0",
        "domhandler": "^5.0.3"
      },
      "funding": {
        "url": "https://github.com/fb55/domutils?sponsor=1"
      }
    },
    "node_modules/css-select/node_modules/entities": {
      "version": "4.5.0",
      "resolved": "https://registry.npmjs.org/entities/-/entities-4.5.0.tgz",
      "integrity": "sha512-V0hjH4dGPh9Ao5p0MoRY6BVqtwCjhz6vI5LT8AJ55H+4g9/4vbHx1I54fS0XuclLhDHArPQCiMjDxjaL8fPxhw==",
      "license": "BSD-2-Clause",
      "engines": {
        "node": ">=0.12"
      },
      "funding": {
        "url": "https://github.com/fb55/entities?sponsor=1"
      }
    },
    "node_modules/css-what": {
      "version": "6.2.2",
      "resolved": "https://registry.npmjs.org/css-what/-/css-what-6.2.2.tgz",
      "integrity": "sha512-u/O3vwbptzhMs3L1fQE82ZSLHQQfto5gyZzwteVIEyeaY5Fc7R4dapF/BvRoSYFeqfBk4m0V1Vafq5Pjv25wvA==",
      "license": "BSD-2-Clause",
      "engines": {
        "node": ">= 6"
      },
      "funding": {
        "url": "https://github.com/sponsors/fb55"
      }
    },
    "node_modules/decode-uri-component": {
      "version": "0.2.2",
      "resolved": "https://registry.npmjs.org/decode-uri-component/-/decode-uri-component-0.2.2.tgz",
      "integrity": "sha512-FqUYQ+8o158GyGTrMFJms9qh3CqTKvAqgqsTnkLI8sKu0028orqBhxNMFkFen0zGyg6epACD32pjVk58ngIErQ==",
      "license": "MIT",
      "engines": {
        "node": ">=0.10"
      }
    },
    "node_modules/dom-serializer": {
      "version": "1.4.1",
      "resolved": "https://registry.npmjs.org/dom-serializer/-/dom-serializer-1.4.1.tgz",
      "integrity": "sha512-VHwB3KfrcOOkelEG2ZOfxqLZdfkil8PtJi4P8N2MMXucZq2yLp75ClViUlOVwyoHEDjYU433Aq+5zWP61+RGag==",
      "license": "MIT",
      "dependencies": {
        "domelementtype": "^2.0.1",
        "domhandler": "^4.2.0",
        "entities": "^2.0.0"
      },
      "funding": {
        "url": "https://github.com/cheeriojs/dom-serializer?sponsor=1"
      }
    },
    "node_modules/dom-serializer/node_modules/domhandler": {
      "version": "4.3.1",
      "resolved": "https://registry.npmjs.org/domhandler/-/domhandler-4.3.1.tgz",
      "integrity": "sha512-GrwoxYN+uWlzO8uhUXRl0P+kHE4GtVPfYzVLcUxPL7KNdHKj66vvlhiweIHqYYXWlw+T8iLMp42Lm67ghw4WMQ==",
      "license": "BSD-2-Clause",
      "dependencies": {
        "domelementtype": "^2.2.0"
      },
      "engines": {
        "node": ">= 4"
      },
      "funding": {
        "url": "https://github.com/fb55/domhandler?sponsor=1"
      }
    },
    "node_modules/domelementtype": {
      "version": "2.3.0",
      "resolved": "https://registry.npmjs.org/domelementtype/-/domelementtype-2.3.0.tgz",
      "integrity": "sha512-OLETBj6w0OsagBwdXnPdN0cnMfF9opN69co+7ZrbfPGrdpPVNBUj02spi6B1N7wChLQiPn4CSH/zJvXw56gmHw==",
      "funding": [
        {
          "type": "github",
          "url": "https://github.com/sponsors/fb55"
        }
      ],
      "license": "BSD-2-Clause"
    },
    "node_modules/domhandler": {
      "version": "3.3.0",
      "resolved": "https://registry.npmjs.org/domhandler/-/domhandler-3.3.0.tgz",
      "integrity": "sha512-J1C5rIANUbuYK+FuFL98650rihynUOEzRLxW+90bKZRWB6A1X1Tf82GxR1qAWLyfNPRvjqfip3Q5tdYlmAa9lA==",
      "license": "BSD-2-Clause",
      "dependencies": {
        "domelementtype": "^2.0.1"
      },
      "engines": {
        "node": ">= 4"
      },
      "funding": {
        "url": "https://github.com/fb55/domhandler?sponsor=1"
      }
    },
    "node_modules/domutils": {
      "version": "2.8.0",
      "resolved": "https://registry.npmjs.org/domutils/-/domutils-2.8.0.tgz",
      "integrity": "sha512-w96Cjofp72M5IIhpjgobBimYEfoPjx1Vx0BSX9P30WBdZW2WIKU0T1Bd0kz2eNZ9ikjKgHbEyKx8BB6H1L3h3A==",
      "license": "BSD-2-Clause",
      "dependencies": {
        "dom-serializer": "^1.0.1",
        "domelementtype": "^2.2.0",
        "domhandler": "^4.2.0"
      },
      "funding": {
        "url": "https://github.com/fb55/domutils?sponsor=1"
      }
    },
    "node_modules/domutils/node_modules/domhandler": {
      "version": "4.3.1",
      "resolved": "https://registry.npmjs.org/domhandler/-/domhandler-4.3.1.tgz",
      "integrity": "sha512-GrwoxYN+uWlzO8uhUXRl0P+kHE4GtVPfYzVLcUxPL7KNdHKj66vvlhiweIHqYYXWlw+T8iLMp42Lm67ghw4WMQ==",
      "license": "BSD-2-Clause",
      "dependencies": {
        "domelementtype": "^2.2.0"
      },
      "engines": {
        "node": ">= 4"
      },
      "funding": {
        "url": "https://github.com/fb55/domhandler?sponsor=1"
      }
    },
    "node_modules/encoding-sniffer": {
      "version": "0.2.1",
      "resolved": "https://registry.npmjs.org/encoding-sniffer/-/encoding-sniffer-0.2.1.tgz",
      "integrity": "sha512-5gvq20T6vfpekVtqrYQsSCFZ1wEg5+wW0/QaZMWkFr6BqD3NfKs0rLCx4rrVlSWJeZb5NBJgVLswK/w2MWU+Gw==",
      "license": "MIT",
      "dependencies": {
        "iconv-lite": "^0.6.3",
        "whatwg-encoding": "^3.1.1"
      },
      "funding": {
        "url": "https://github.com/fb55/encoding-sniffer?sponsor=1"
      }
    },
    "node_modules/entities": {
      "version": "2.2.0",
      "resolved": "https://registry.npmjs.org/entities/-/entities-2.2.0.tgz",
      "integrity": "sha512-p92if5Nz619I0w+akJrLZH0MX0Pb5DX39XOwQTtXSdQQOaYH03S1uIQp4mhOZtAXrxq4ViO67YTiLBo2638o9A==",
      "license": "BSD-2-Clause",
      "funding": {
        "url": "https://github.com/fb55/entities?sponsor=1"
      }
    },
    "node_modules/html2pptx": {
      "version": "0.0.5",
      "resolved": "https://registry.npmjs.org/html2pptx/-/html2pptx-0.0.5.tgz",
      "integrity": "sha512-vpVkbF9oz+l8xh6Q3fhAr6kpGDwJlhuVPTXd8P1C8g4goOh/6waUvzdUvGmqJGqfr+hiV3ECuJ65dSuitzN6GQ==",
      "license": "MIT",
      "dependencies": {
        "css": "^2.2.4",
        "htmlparser2": "^4.1.0",
        "parse-color": "^1.0.0"
      }
    },
    "node_modules/htmlparser2": {
      "version": "4.1.0",
      "resolved": "https://registry.npmjs.org/htmlparser2/-/htmlparser2-4.1.0.tgz",
      "integrity": "sha512-4zDq1a1zhE4gQso/c5LP1OtrhYTncXNSpvJYtWJBtXAETPlMfi3IFNjGuQbYLuVY4ZR0QMqRVvo4Pdy9KLyP8Q==",
      "license": "MIT",
      "dependencies": {
        "domelementtype": "^2.0.1",
        "domhandler": "^3.0.0",
        "domutils": "^2.0.0",
        "entities": "^2.0.0"
      }
    },
    "node_modules/https": {
      "version": "1.0.0",
      "resolved": "https://registry.npmjs.org/https/-/https-1.0.0.tgz",
      "integrity": "sha512-4EC57ddXrkaF0x83Oj8sM6SLQHAWXw90Skqu2M4AEWENZ3F02dFJE/GARA8igO79tcgYqGrD7ae4f5L3um2lgg==",
      "license": "ISC"
    },
    "node_modules/iconv-lite": {
      "version": "0.6.3",
      "resolved": "https://registry.npmjs.org/iconv-lite/-/iconv-lite-0.6.3.tgz",
      "integrity": "sha512-4fCk79wshMdzMp2rH06qWrJE4iolqLhCUH+OiuIgU++RB0+94NlDL81atO7GX55uUKueo0txHNtvEyI6D7WdMw==",
      "license": "MIT",
      "dependencies": {
        "safer-buffer": ">= 2.1.2 < 3.0.0"
      },
      "engines": {
        "node": ">=0.10.0"
      }
    },
    "node_modules/image-size": {
      "version": "1.2.1",
      "resolved": "https://registry.npmjs.org/image-size/-/image-size-1.2.1.tgz",
      "integrity": "sha512-rH+46sQJ2dlwfjfhCyNx5thzrv+dtmBIhPHk0zgRUukHzZ/kRueTJXoYYsclBaKcSMBWuGbOFXtioLpzTb5euw==",
      "license": "MIT",
      "dependencies": {
        "queue": "6.0.2"
      },
      "bin": {
        "image-size": "bin/image-size.js"
      },
      "engines": {
        "node": ">=16.x"
      }
    },
    "node_modules/immediate": {
      "version": "3.0.6",
      "resolved": "https://registry.npmjs.org/immediate/-/immediate-3.0.6.tgz",
      "integrity": "sha512-XXOFtyqDjNDAQxVfYxuF7g9Il/IbWmmlQg2MYKOH8ExIT1qg6xc4zyS3HaEEATgs1btfzxq15ciUiY7gjSXRGQ==",
      "license": "MIT"
    },
    "node_modules/inherits": {
      "version": "2.0.4",
      "resolved": "https://registry.npmjs.org/inherits/-/inherits-2.0.4.tgz",
      "integrity": "sha512-k/vGaX4/Yla3WzyMCvTQOXYeIHvqOKtnqBduzTHpzpQZzAskKMhZ2K+EnBiSM9zGSoIFeMpXKxa4dYeZIQqewQ==",
      "license": "ISC"
    },
    "node_modules/isarray": {
      "version": "1.0.0",
      "resolved": "https://registry.npmjs.org/isarray/-/isarray-1.0.0.tgz",
      "integrity": "sha512-VLghIWNM6ELQzo7zwmcg0NmTVyWKYjvIeM83yjp0wRDTmUnrM678fQbcKBo6n2CJEF0szoG//ytg+TKla89ALQ==",
      "license": "MIT"
    },
    "node_modules/jszip": {
      "version": "3.10.1",
      "resolved": "https://registry.npmjs.org/jszip/-/jszip-3.10.1.tgz",
      "integrity": "sha512-xXDvecyTpGLrqFrvkrUSoxxfJI5AH7U8zxxtVclpsUtMCq4JQ290LY8AW5c7Ggnr/Y/oK+bQMbqK2qmtk3pN4g==",
      "license": "(MIT OR GPL-3.0-or-later)",
      "dependencies": {
        "lie": "~3.3.0",
        "pako": "~1.0.2",
        "readable-stream": "~2.3.6",
        "setimmediate": "^1.0.5"
      }
    },
    "node_modules/lie": {
      "version": "3.3.0",
      "resolved": "https://registry.npmjs.org/lie/-/lie-3.3.0.tgz",
      "integrity": "sha512-UaiMJzeWRlEujzAuw5LokY1L5ecNQYZKfmyZ9L7wDHb/p5etKaxXhohBcrw0EYby+G/NA52vRSN4N39dxHAIwQ==",
      "license": "MIT",
      "dependencies": {
        "immediate": "~3.0.5"
      }
    },
    "node_modules/nth-check": {
      "version": "2.1.1",
      "resolved": "https://registry.npmjs.org/nth-check/-/nth-check-2.1.1.tgz",
      "integrity": "sha512-lqjrjmaOoAnWfMmBPL+XNnynZh2+swxiX3WUE0s4yEHI6m+AwrK2UZOimIRl3X/4QctVqS8AiZjFqyOGrMXb/w==",
      "license": "BSD-2-Clause",
      "dependencies": {
        "boolbase": "^1.0.0"
      },
      "funding": {
        "url": "https://github.com/fb55/nth-check?sponsor=1"
      }
    },
    "node_modules/pako": {
      "version": "1.0.11",
      "resolved": "https://registry.npmjs.org/pako/-/pako-1.0.11.tgz",
      "integrity": "sha512-4hLB8Py4zZce5s4yd9XzopqwVv/yGNhV1Bl8NTmCq1763HeK2+EwVTv+leGeL13Dnh2wfbqowVPXCIO0z4taYw==",
      "license": "(MIT AND Zlib)"
    },
    "node_modules/parse-color": {
      "version": "1.0.0",
      "resolved": "https://registry.npmjs.org/parse-color/-/parse-color-1.0.0.tgz",
      "integrity": "sha512-fuDHYgFHJGbpGMgw9skY/bj3HL/Jrn4l/5rSspy00DoT4RyLnDcRvPxdZ+r6OFwIsgAuhDh4I09tAId4mI12bw==",
      "license": "MIT",
      "dependencies": {
        "color-convert": "~0.5.0"
      }
    },
    "node_modules/parse5": {
      "version": "7.3.0",
      "resolved": "https://registry.npmjs.org/parse5/-/parse5-7.3.0.tgz",
      "integrity": "sha512-IInvU7fabl34qmi9gY8XOVxhYyMyuH2xUNpb2q8/Y+7552KlejkRvqvD19nMoUW/uQGGbqNpA6Tufu5FL5BZgw==",
      "license": "MIT",
      "dependencies": {
        "entities": "^6.0.0"
      },
      "funding": {
        "url": "https://github.com/inikulin/parse5?sponsor=1"
      }
    },
    "node_modules/parse5-htmlparser2-tree-adapter": {
      "version": "7.1.0",
      "resolved": "https://registry.npmjs.org/parse5-htmlparser2-tree-adapter/-/parse5-htmlparser2-tree-adapter-7.1.0.tgz",
      "integrity": "sha512-ruw5xyKs6lrpo9x9rCZqZZnIUntICjQAd0Wsmp396Ul9lN/h+ifgVV1x1gZHi8euej6wTfpqX8j+BFQxF0NS/g==",
      "license": "MIT",
      "dependencies": {
        "domhandler": "^5.0.3",
        "parse5": "^7.0.0"
      },
      "funding": {
        "url": "https://github.com/inikulin/parse5?sponsor=1"
      }
    },
    "node_modules/parse5-htmlparser2-tree-adapter/node_modules/domhandler": {
      "version": "5.0.3",
      "resolved": "https://registry.npmjs.org/domhandler/-/domhandler-5.0.3.tgz",
      "integrity": "sha512-cgwlv/1iFQiFnU96XXgROh8xTeetsnJiDsTc7TYCLFd9+/WNkIqPTxiM/8pSd8VIrhXGTf1Ny1q1hquVqDJB5w==",
      "license": "BSD-2-Clause",
      "dependencies": {
        "domelementtype": "^2.3.0"
      },
      "engines": {
        "node": ">= 4"
      },
      "funding": {
        "url": "https://github.com/fb55/domhandler?sponsor=1"
      }
    },
    "node_modules/parse5-parser-stream": {
      "version": "7.1.2",
      "resolved": "https://registry.npmjs.org/parse5-parser-stream/-/parse5-parser-stream-7.1.2.tgz",
      "integrity": "sha512-JyeQc9iwFLn5TbvvqACIF/VXG6abODeB3Fwmv/TGdLk2LfbWkaySGY72at4+Ty7EkPZj854u4CrICqNk2qIbow==",
      "license": "MIT",
      "dependencies": {
        "parse5": "^7.0.0"
      },
      "funding": {
        "url": "https://github.com/inikulin/parse5?sponsor=1"
      }
    },
    "node_modules/parse5/node_modules/entities": {
      "version": "6.0.1",
      "resolved": "https://registry.npmjs.org/entities/-/entities-6.0.1.tgz",
      "integrity": "sha512-aN97NXWF6AWBTahfVOIrB/NShkzi5H7F9r1s9mD3cDj4Ko5f2qhhVoYMibXF7GlLveb/D2ioWay8lxI97Ven3g==",
      "license": "BSD-2-Clause",
      "engines": {
        "node": ">=0.12"
      },
      "funding": {
        "url": "https://github.com/fb55/entities?sponsor=1"
      }
    },
    "node_modules/pptxgenjs": {
      "version": "4.0.1",
      "resolved": "https://registry.npmjs.org/pptxgenjs/-/pptxgenjs-4.0.1.tgz",
      "integrity": "sha512-TeJISr8wouAuXw4C1F/mC33xbZs/FuEG6nH9FG1Zj+nuPcGMP5YRHl6X+j3HSUnS1f3at6k75ZZXPMZlA5Lj9A==",
      "license": "MIT",
      "dependencies": {
        "@types/node": "^22.8.1",
        "https": "^1.0.0",
        "image-size": "^1.2.1",
        "jszip": "^3.10.1"
      }
    },
    "node_modules/process-nextick-args": {
      "version": "2.0.1",
      "resolved": "https://registry.npmjs.org/process-nextick-args/-/process-nextick-args-2.0.1.tgz",
      "integrity": "sha512-3ouUOpQhtgrbOa17J7+uxOTpITYWaGP7/AhoR3+A+/1e9skrzelGi/dXzEYyvbxubEF6Wn2ypscTKiKJFFn1ag==",
      "license": "MIT"
    },
    "node_modules/queue": {
      "version": "6.0.2",
      "resolved": "https://registry.npmjs.org/queue/-/queue-6.0.2.tgz",
      "integrity": "sha512-iHZWu+q3IdFZFX36ro/lKBkSvfkztY5Y7HMiPlOUjhupPcG2JMfst2KKEpu5XndviX/3UhFbRngUPNKtgvtZiA==",
      "license": "MIT",
      "dependencies": {
        "inherits": "~2.0.3"
      }
    },
    "node_modules/readable-stream": {
      "version": "2.3.8",
      "resolved": "https://registry.npmjs.org/readable-stream/-/readable-stream-2.3.8.tgz",
      "integrity": "sha512-8p0AUk4XODgIewSi0l8Epjs+EVnWiK7NoDIEGU0HhE7+ZyY8D1IMY7odu5lRrFXGg71L15KG8QrPmum45RTtdA==",
      "license": "MIT",
      "dependencies": {
        "core-util-is": "~1.0.0",
        "inherits": "~2.0.3",
        "isarray": "~1.0.0",
        "process-nextick-args": "~2.0.0",
        "safe-buffer": "~5.1.1",
        "string_decoder": "~1.1.1",
        "util-deprecate": "~1.0.1"
      }
    },
    "node_modules/resolve-url": {
      "version": "0.2.1",
      "resolved": "https://registry.npmjs.org/resolve-url/-/resolve-url-0.2.1.tgz",
      "integrity": "sha512-ZuF55hVUQaaczgOIwqWzkEcEidmlD/xl44x1UZnhOXcYuFN2S6+rcxpG+C1N3So0wvNI3DmJICUFfu2SxhBmvg==",
      "deprecated": "https://github.com/lydell/resolve-url#deprecated",
      "license": "MIT"
    },
    "node_modules/safe-buffer": {
      "version": "5.1.2",
      "resolved": "https://registry.npmjs.org/safe-buffer/-/safe-buffer-5.1.2.tgz",
      "integrity": "sha512-Gd2UZBJDkXlY7GbJxfsE8/nvKkUEU1G38c1siN6QP6a9PT9MmHB8GnpscSmMJSoF8LOIrt8ud/wPtojys4G6+g==",
      "license": "MIT"
    },
    "node_modules/safer-buffer": {
      "version": "2.1.2",
      "resolved": "https://registry.npmjs.org/safer-buffer/-/safer-buffer-2.1.2.tgz",
      "integrity": "sha512-YZo3K82SD7Riyi0E1EQPojLz7kpepnSQI9IyPbHHg1XXXevb5dJI7tpyN2ADxGcQbHG7vcyRHk0cbwqcQriUtg==",
      "license": "MIT"
    },
    "node_modules/setimmediate": {
      "version": "1.0.5",
      "resolved": "https://registry.npmjs.org/setimmediate/-/setimmediate-1.0.5.tgz",
      "integrity": "sha512-MATJdZp8sLqDl/68LfQmbP8zKPLQNV6BIZoIgrscFDQ+RsvK/BxeDQOgyxKKoh0y/8h3BqVFnCqQ/gd+reiIXA==",
      "license": "MIT"
    },
    "node_modules/source-map": {
      "version": "0.6.1",
      "resolved": "https://registry.npmjs.org/source-map/-/source-map-0.6.1.tgz",
      "integrity": "sha512-UjgapumWlbMhkBgzT7Ykc5YXUT46F0iKu8SGXq0bcwP5dz/h0Plj6enJqjz1Zbq2l5WaqYnrVbwWOWMyF3F47g==",
      "license": "BSD-3-Clause",
      "engines": {
        "node": ">=0.10.0"
      }
    },
    "node_modules/source-map-resolve": {
      "version": "0.5.3",
      "resolved": "https://registry.npmjs.org/source-map-resolve/-/source-map-resolve-0.5.3.tgz",
      "integrity": "sha512-Htz+RnsXWk5+P2slx5Jh3Q66vhQj1Cllm0zvnaY98+NFx+Dv2CF/f5O/t8x+KaNdrdIAsruNzoh/KpialbqAnw==",
      "deprecated": "See https://github.com/lydell/source-map-resolve#deprecated",
      "license": "MIT",
      "dependencies": {
        "atob": "^2.1.2",
        "decode-uri-component": "^0.2.0",
        "resolve-url": "^0.2.1",
        "source-map-url": "^0.4.0",
        "urix": "^0.1.0"
      }
    },
    "node_modules/source-map-url": {
      "version": "0.4.1",
      "resolved": "https://registry.npmjs.org/source-map-url/-/source-map-url-0.4.1.tgz",
      "integrity": "sha512-cPiFOTLUKvJFIg4SKVScy4ilPPW6rFgMgfuZJPNoDuMs3nC1HbMUycBoJw77xFIp6z1UJQJOfx6C9GMH80DiTw==",
      "deprecated": "See https://github.com/lydell/source-map-url#deprecated",
      "license": "MIT"
    },
    "node_modules/string_decoder": {
      "version": "1.1.1",
      "resolved": "https://registry.npmjs.org/string_decoder/-/string_decoder-1.1.1.tgz",
      "integrity": "sha512-n/ShnvDi6FHbbVfviro+WojiFzv+s8MPMHBczVePfUpDJLwoLT0ht1l4YwBCbi8pJAveEEdnkHyPyTP/mzRfwg==",
      "license": "MIT",
      "dependencies": {
        "safe-buffer": "~5.1.0"
      }
    },
    "node_modules/undici": {
      "version": "7.18.2",
      "resolved": "https://registry.npmjs.org/undici/-/undici-7.18.2.tgz",
      "integrity": "sha512-y+8YjDFzWdQlSE9N5nzKMT3g4a5UBX1HKowfdXh0uvAnTaqqwqB92Jt4UXBAeKekDs5IaDKyJFR4X1gYVCgXcw==",
      "license": "MIT",
      "engines": {
        "node": ">=20.18.1"
      }
    },
    "node_modules/undici-types": {
      "version": "6.21.0",
      "resolved": "https://registry.npmjs.org/undici-types/-/undici-types-6.21.0.tgz",
      "integrity": "sha512-iwDZqg0QAGrg9Rav5H4n0M64c3mkR59cJ6wQp+7C4nI0gsmExaedaYLNO44eT4AtBBwjbTiGPMlt2Md0T9H9JQ==",
      "license": "MIT"
    },
    "node_modules/urix": {
      "version": "0.1.0",
      "resolved": "https://registry.npmjs.org/urix/-/urix-0.1.0.tgz",
      "integrity": "sha512-Am1ousAhSLBeB9cG/7k7r2R0zj50uDRlZHPGbazid5s9rlF1F/QKYObEKSIunSjIOkJZqwRRLpvewjEkM7pSqg==",
      "deprecated": "Please see https://github.com/lydell/urix#deprecated",
      "license": "MIT"
    },
    "node_modules/util-deprecate": {
      "version": "1.0.2",
      "resolved": "https://registry.npmjs.org/util-deprecate/-/util-deprecate-1.0.2.tgz",
      "integrity": "sha512-EPD5q1uXyFxJpCrLnCc1nHnq3gOa6DZBocAIiI2TaSCA7VCJ1UJDMagCzIkXNsUYfD1daK//LTEQ8xiIbrHtcw==",
      "license": "MIT"
    },
    "node_modules/whatwg-encoding": {
      "version": "3.1.1",
      "resolved": "https://registry.npmjs.org/whatwg-encoding/-/whatwg-encoding-3.1.1.tgz",
      "integrity": "sha512-6qN4hJdMwfYBtE3YBTTHhoeuUrDBPZmbQaxWAqSALV/MeEnR5z1xd8UKud2RAkFoPkmB+hli1TZSnyi84xz1vQ==",
      "deprecated": "Use @exodus/bytes instead for a more spec-conformant and faster implementation",
      "license": "MIT",
      "dependencies": {
        "iconv-lite": "0.6.3"
      },
      "engines": {
        "node": ">=18"
      }
    },
    "node_modules/whatwg-mimetype": {
      "version": "4.0.0",
      "resolved": "https://registry.npmjs.org/whatwg-mimetype/-/whatwg-mimetype-4.0.0.tgz",
      "integrity": "sha512-QaKxh0eNIi2mE9p2vEdzfagOKHCcj1pJ56EEHGQOVxp8r9/iszLUUV7v89x9O1p/T+NlTM5W7jW6+cz4Fq1YVg==",
      "license": "MIT",
      "engines": {
        "node": ">=18"
      }
    }
  }
}
